{
	"name": "consume-typings-remote",
	"lockfileVersion": 3,
	"requires": true,
	"packages": {
		"": {
			"dependencies": {
				"@types/ramda": "0.29.12",
				"rambda": "9.2.0",
				"rambdax": "file:./../../../rambdax/",
				"ramda": "0.30.0",
				"typescript": "5.4.5"
			},
			"devDependencies": {}
		},
		"../../../rambdax": {
			"version": "11.1.0",
			"license": "MIT",
			"devDependencies": {
				"@babel/core": "7.24.4",
				"@babel/plugin-proposal-object-rest-spread": "7.20.7",
				"@babel/preset-env": "7.24.4",
				"@rollup/plugin-babel": "6.0.4",
				"@rollup/plugin-commonjs": "25.0.7",
				"@rollup/plugin-node-resolve": "15.2.3",
				"@rollup/plugin-replace": "5.0.5",
				"rollup": "4.14.1",
				"rollup-plugin-cleanup": "3.2.1",
				"rollup-plugin-sourcemaps": "0.6.3",
				"rollup-plugin-uglify": "6.0.4"
			}
		},
		"node_modules/@types/ramda": {
			"version": "0.29.12",
			"resolved": "https://registry.npmjs.org/@types/ramda/-/ramda-0.29.12.tgz",
			"integrity": "sha512-sgIEjpJhdQPB52gDF4aphs9nl0xe54CR22DPdWqT8gQHjZYmVApgA0R3/CpMbl0Y8az2TEZrPNL2zy0EvjbkLA==",
			"license": "MIT",
			"dependencies": {
				"types-ramda": "^0.29.10"
			}
		},
		"node_modules/rambda": {
			"version": "9.2.0",
			"resolved": "https://registry.npmjs.org/rambda/-/rambda-9.2.0.tgz",
			"integrity": "sha512-RjM8TBNPR+iSvWLqbBpFveDfEf2RPRKHuwBHjQdXsYFDwn3MIvgmJiqVVC1CIQKnOwzeDQd44zqDFgSKQ7RT1Q==",
			"license": "MIT"
		},
		"node_modules/rambdax": {
			"resolved": "../../../rambdax",
			"link": true
		},
		"node_modules/ramda": {
			"version": "0.30.0",
			"resolved": "https://registry.npmjs.org/ramda/-/ramda-0.30.0.tgz",
			"integrity": "sha512-13Y0iMhIQuAm/wNGBL/9HEqIfRGmNmjKnTPlKWfA9f7dnDkr8d45wQ+S7+ZLh/Pq9PdcGxkqKUEA7ySu1QSd9Q==",
			"license": "MIT",
			"funding": {
				"type": "opencollective",
				"url": "https://opencollective.com/ramda"
			}
		},
		"node_modules/ts-toolbelt": {
			"version": "9.6.0",
			"resolved": "https://registry.npmjs.org/ts-toolbelt/-/ts-toolbelt-9.6.0.tgz",
			"integrity": "sha512-nsZd8ZeNUzukXPlJmTBwUAuABDe/9qtVDelJeT/qW0ow3ZS3BsQJtNkan1802aM9Uf68/Y8ljw86Hu0h5IUW3w==",
			"license": "Apache-2.0"
		},
		"node_modules/types-ramda": {
			"version": "0.29.10",
			"resolved": "https://registry.npmjs.org/types-ramda/-/types-ramda-0.29.10.tgz",
			"integrity": "sha512-5PJiW/eiTPyXXBYGZOYGezMl6qj7keBiZheRwfjJZY26QPHsNrjfJnz0mru6oeqqoTHOni893Jfd6zyUXfQRWg==",
			"license": "MIT",
			"dependencies": {
				"ts-toolbelt": "^9.6.0"
			}
		},
		"node_modules/typescript": {
			"version": "5.4.5",
			"resolved": "https://registry.npmjs.org/typescript/-/typescript-5.4.5.tgz",
			"integrity": "sha512-vcI4UpRgg81oIRUFwR0WSIHKt11nJ7SAVlYNIu+QpqeyXP+gpQJy/Z4+F0aGxSE4MqwjyXvW/TzgkLAx2AGHwQ==",
			"license": "Apache-2.0",
			"bin": {
				"tsc": "bin/tsc",
				"tsserver": "bin/tsserver"
			},
			"engines": {
				"node": ">=14.17"
			}
		}
	}
}
