# THIS IS AN AUTOGENERATED FILE. DO NOT EDIT THIS FILE DIRECTLY.
# yarn lockfile v1


"@types/ramda@0.29.9":
  version "0.29.9"
  resolved "https://registry.yarnpkg.com/@types/ramda/-/ramda-0.29.9.tgz#a4c1a9d056249268ffe16c2f6d198e42c2fc994a"
  integrity sha512-X3yEG6tQCWBcUAql+RPC/O1Hm9BSU+MXu2wJnCETuAgUlrEDwTA1kIOdEEE4YXDtf0zfQLHa9CCE7WYp9kqPIQ==
  dependencies:
    types-ramda "^0.29.6"

rambda@8.6.0:
  version "8.6.0"
  resolved "https://registry.yarnpkg.com/rambda/-/rambda-8.6.0.tgz#1c5d79c3c780b63f349e37103d08f88ff30d3865"
  integrity sha512-Ax+/bAcV2h4wINXx6wm0792G5uXZAl78rzhei+FqmHezg45vbeTUyDAmDNbSdjNOL6LGN8AUEvzaYD7oO5eYrw==

rambdax@10.1.0:
  version "10.1.0"
  resolved "https://registry.yarnpkg.com/rambdax/-/rambdax-10.1.0.tgz#c009bcc3cb3dbc6c876a0efafa1acd0cea878e6c"
  integrity sha512-IjBTdOCTczuRNL6NfAkGu6Gz4n/tTonjOLZ1Hr92B74HAIogcJvDLojfRHG8J0lKkahS/vo3DKNZqxTNtB7BOA==

ramda@0.29.1:
  version "0.29.1"
  resolved "https://registry.yarnpkg.com/ramda/-/ramda-0.29.1.tgz#408a6165b9555b7ba2fc62555804b6c5a2eca196"
  integrity sha512-OfxIeWzd4xdUNxlWhgFazxsA/nl3mS4/jGZI5n00uWOoSSFRhC1b6gl6xvmzUamgmqELraWp0J/qqVlXYPDPyA==

ts-toolbelt@^9.6.0:
  version "9.6.0"
  resolved "https://registry.yarnpkg.com/ts-toolbelt/-/ts-toolbelt-9.6.0.tgz#50a25426cfed500d4a09bd1b3afb6f28879edfd5"
  integrity sha512-nsZd8ZeNUzukXPlJmTBwUAuABDe/9qtVDelJeT/qW0ow3ZS3BsQJtNkan1802aM9Uf68/Y8ljw86Hu0h5IUW3w==

types-ramda@^0.29.6:
  version "0.29.6"
  resolved "https://registry.yarnpkg.com/types-ramda/-/types-ramda-0.29.6.tgz#a1d2a3c15a48e27d35832d7194d93369975f1427"
  integrity sha512-VJoOk1uYNh9ZguGd3eZvqkdhD4hTGtnjRBUx5Zc0U9ftmnCgiWcSj/lsahzKunbiwRje1MxxNkEy1UdcXRCpYw==
  dependencies:
    ts-toolbelt "^9.6.0"

typescript@5.3.2:
  version "5.3.2"
  resolved "https://registry.yarnpkg.com/typescript/-/typescript-5.3.2.tgz#00d1c7c1c46928c5845c1ee8d0cc2791031d4c43"
  integrity sha512-6l+RyNy7oAHDfxC4FzSJcz9vnjTKxrLpDG5M2Vu4SHRVNg6xzqZp6LYSR9zjqQTu8DU/f5xwxUdADOkbrIX2gQ==
