# THIS IS AN AUTOGENERATED FILE. DO NOT EDIT THIS FILE DIRECTLY.
# yarn lockfile v1


rambda@7.2.0:
  version "7.2.0"
  resolved "https://registry.yarnpkg.com/rambda/-/rambda-7.2.0.tgz#b24a106513fac6aa734c3f86ac873377e55cd201"
  integrity sha512-xW2ZcQh+AtRHdIN0RUix+gAwyfAeMBZA6SnLSblw1+YRqUx+eV4Eppg/ayDdrvSs6KegZYHYtSF6+I86Z5Owqg==

typescript@4.7.4:
  version "4.7.4"
  resolved "https://registry.yarnpkg.com/typescript/-/typescript-4.7.4.tgz#1a88596d1cf47d59507a1bcdfb5b9dfe4d488235"
  integrity sha512-C0WQT0gezHuw6AdY1M2jxUO83Rjf0HP7Sk1DtXj6j1EwkQNZrHAg2XPWlq62oqEhYvONq5pkC2Y9oPljWToLmQ==
