# THIS IS AN AUTOGENERATED FILE. DO NOT EDIT THIS FILE DIRECTLY.
# yarn lockfile v1


rambda@7.4.0:
  version "7.4.0"
  resolved "https://registry.yarnpkg.com/rambda/-/rambda-7.4.0.tgz#61ec9de31d3dd6affe804de3bae04a5b818781e5"
  integrity sha512-A9hihu7dUTLOUCM+I8E61V4kRXnN4DwYeK0DwCBydC1MqNI1PidyAtbtpsJlBBzK4icSctEcCQ1bGcLpBuETUQ==

typescript@4.8.3:
  version "4.8.3"
  resolved "https://registry.yarnpkg.com/typescript/-/typescript-4.8.3.tgz#d59344522c4bc464a65a730ac695007fdb66dd88"
  integrity sha512-goMHfm00nWPa8UvR/CPSvykqf6dVV8x/dp0c5mFTMTIu0u0FlGWRioyy7Nn0PGAdHxpJZnuO/ut+PpQ8UiHAig==
