# THIS IS AN AUTOGENERATED FILE. DO NOT EDIT THIS FILE DIRECTLY.
# yarn lockfile v1


rambda@6.8.0:
  version "6.8.0"
  resolved "https://registry.yarnpkg.com/rambda/-/rambda-6.8.0.tgz#22fb47e0c5753ee1626e93ba631a5b7dcf29b23d"
  integrity sha512-Tokl7cZ7bB15USVjh+GGC4O/NzcMTW21mQbd1x9fsD1pPenD0rlr+Fw6KBM6HZ3BeOVErIgh9HfLyN49bgZLVA==

typescript@4.2.0:
  version "4.4.0-dev.20210711"
  resolved "https://registry.yarnpkg.com/typescript/-/typescript-4.4.0-dev.20210711.tgz#9678849820b91b59ccddd3c0e1fd900ac26c9cf9"
  integrity sha512-QCPsZ5O+q40c5BkAhFu1By7zDndDDkdUZPEq7zHwBG2rLLYZloZpppighyrpd1IbdRzitY9WDHMjJ8ft+Au8Yw==
