{
  "version": "4",
  "specifiers": {
    "jsr:@rambda/rambda@^9.4.2": "9.4.2"
  },
  "jsr": {
    "@rambda/rambda@9.4.2": {
      "integrity": "c1b5e092cc0bc4fd486dcbeb3809c6700840e5b5db79b1dd28e3db20f5b49bcf"
    }
  },
  "redirects": {
    "https://deno.land/x/rambda/mod.ts": "https://deno.land/x/rambda@10.0.0-alpha.0/mod.ts"
  },
  "remote": {
    "https://deno.land/x/rambda@10.0.0-alpha.0/mod.ts": "1156610626e116698c01af4f025dc22d6e590d21b5838e17fcb5cefeb1554151",
    "https://deno.land/x/rambda@10.0.0-alpha.0/rambda.js": "37a03c3368874fd2e9a2b3d49fe46314dbc9bac1638fa3fe9d145b43fdfe26c9",
    "https://deno.land/x/rambda@10.0.0-alpha.0/src/_internals/baseSlice.js": "d1e8db916f669f1605f9b91bf05747c647eab31807be2f19643fddb9d1fd4bcd",
    "https://deno.land/x/rambda@10.0.0-alpha.0/src/_internals/cloneList.js": "0178fd37d797ea56eda11d303fa1ebdf79abf4f2bba4090cd4128b1ff9aef3d6",
    "https://deno.land/x/rambda@10.0.0-alpha.0/src/_internals/createPath.js": "77a05dcf152bca355151fa9ead9819d112a17c2e4cbaa5c33d8102670dcd5c7c",
    "https://deno.land/x/rambda@10.0.0-alpha.0/src/_internals/isArray.js": "4280c59e00530bf5d30122759c576c5d39159f53d5cca3792f321ad11ea02953",
    "https://deno.land/x/rambda@10.0.0-alpha.0/src/_internals/keys.js": "d2f590ea02e2295d10de6a8ea0246d53e2e12b89fbc7c328d9840ce6b3ba367e",
    "https://deno.land/x/rambda@10.0.0-alpha.0/src/_internals/set.js": "007c69dc9ebb4e649fb0e92f004685b00d02b34401ac8e681dc3387c02c50f50",
    "https://deno.land/x/rambda@10.0.0-alpha.0/src/all.js": "ad0f4eb4ffb86aeb573c0a4ce965efb803d77836e38c1909274f1f938414375e",
    "https://deno.land/x/rambda@10.0.0-alpha.0/src/allPass.js": "9ddce9ff58ae505e57622619ed886b262e73b8eecf598368bd3b1eec8b3dffc3",
    "https://deno.land/x/rambda@10.0.0-alpha.0/src/any.js": "40b3e793d78da452c15a538bccd3a937237481c48daea0c2629862fca0b8318a",
    "https://deno.land/x/rambda@10.0.0-alpha.0/src/anyPass.js": "234930581697e92e2f2126230bf4227b280e90f79649ab6396c4cb80bbd90c80",
    "https://deno.land/x/rambda@10.0.0-alpha.0/src/append.js": "875d5796a8f16ba16298bf879017e208a1484b51fdaffc7a82d21bfafab3b08c",
    "https://deno.land/x/rambda@10.0.0-alpha.0/src/checkObjectWithSpec.js": "cd4623b29d221eee415f0a8bbad9578103079434fd90bdb3f582982173dac864",
    "https://deno.land/x/rambda@10.0.0-alpha.0/src/complement.js": "801d0603f5ee59eebb6397ebd4c671e18ca9b5ef99866fe86bd984fe7421c824",
    "https://deno.land/x/rambda@10.0.0-alpha.0/src/concat.js": "2909e29a7960bdc9db61c038f97d6353d2a4fd8a07bae32b4c736249732d9b3e",
    "https://deno.land/x/rambda@10.0.0-alpha.0/src/count.js": "dc5a610ab66b59dc64595cc547981b7f5631a72fe44c83b72d564b8e418ea43d",
    "https://deno.land/x/rambda@10.0.0-alpha.0/src/countBy.js": "06679136cea23694a9e763da144e75f35f92b91892c56861d8ec21c782234664",
    "https://deno.land/x/rambda@10.0.0-alpha.0/src/defaultTo.js": "153fb8de4ae3822d0e777b0bca7dc3ff391d45cbbff6b9d93d31a8c1b5e7ad6c",
    "https://deno.land/x/rambda@10.0.0-alpha.0/src/drop.js": "7e637265bb3e45bef0bf4e5c20aee50e1981b3ea36e6ddbd928fe03ad729e1a3",
    "https://deno.land/x/rambda@10.0.0-alpha.0/src/dropLast.js": "52bc6150fcd1a2bd63966a00784f817ac58c957bacd85da1bc62f6a4569928d8",
    "https://deno.land/x/rambda@10.0.0-alpha.0/src/dropLastWhile.js": "90e67c64135afc4c11f510cfe064ed7a7e9f644cf42e1e05a863bfce36bdf48d",
    "https://deno.land/x/rambda@10.0.0-alpha.0/src/dropWhile.js": "e22c7e196138dd86a3420f3125c515bc9829d7669fcc99e6adda3019d685e945",
    "https://deno.land/x/rambda@10.0.0-alpha.0/src/eqBy.js": "d499830b018c909341542fd7e5e90614e1cd848f27174722ffca2cbf2a2b223a",
    "https://deno.land/x/rambda@10.0.0-alpha.0/src/eqProps.js": "857b9a2907e2f19cf1630e6cac8e0ab759d7f56f2dd691a7361cb4d0d9afa27f",
    "https://deno.land/x/rambda@10.0.0-alpha.0/src/equals.js": "fff9b8a02c6db6fd123b868d828026d06af458d2836312a0872be9a976e3ec34",
    "https://deno.land/x/rambda@10.0.0-alpha.0/src/evolve.js": "b2ffc3f8da76ab26df2cc63d259944934cbccc7c2e81e5917f7a2ba5023c6b1f",
    "https://deno.land/x/rambda@10.0.0-alpha.0/src/excludes.js": "43031364632dd2f2bc00c18efc3f84b27b4361dace54f73f655b19c6b16526ad",
    "https://deno.land/x/rambda@10.0.0-alpha.0/src/filter.js": "328362cdb24a2c58b8e6a341ba1a55d85d62e9c006502d838d18a3f4b0deb728",
    "https://deno.land/x/rambda@10.0.0-alpha.0/src/filterObject.js": "474165e05fb690c6ae0009bdafd18bbef1bfd50058bd34b399c3561c929c7596",
    "https://deno.land/x/rambda@10.0.0-alpha.0/src/find.js": "3df9ddb054584c6e884980c892389ca238891c8bdc3a987a35320a0a637956ed",
    "https://deno.land/x/rambda@10.0.0-alpha.0/src/findIndex.js": "97cc1a7bdb8d75e796ae30047232fdb275d3bee4d350f698c93934ac63207c08",
    "https://deno.land/x/rambda@10.0.0-alpha.0/src/findLast.js": "41b68813d172ff22a3c6129d4b56c9146a420c7f035dd5c297f772dd61840809",
    "https://deno.land/x/rambda@10.0.0-alpha.0/src/findLastIndex.js": "193d2cd660f197b8a931852f56496cc4a47fbb10f3ba4f101049a08c3d8856d1",
    "https://deno.land/x/rambda@10.0.0-alpha.0/src/flatMap.js": "8a14db788e988a314bca4b6f79cef05edab9b2181e2f214273b34a99a925c6b6",
    "https://deno.land/x/rambda@10.0.0-alpha.0/src/flatten.js": "867a1752fd73a0f896165294868eb0b23c8493025c1fd9e24e28738035e316d3",
    "https://deno.land/x/rambda@10.0.0-alpha.0/src/groupBy.js": "7dbc32603676b32eae85c1b60a4e95df06130fbd4b56a02baf970f0ac61332b6",
    "https://deno.land/x/rambda@10.0.0-alpha.0/src/head.js": "18452478aa65795c87fc2285c20a51899b9b6e2eecb1d712cd575d2023100d18",
    "https://deno.land/x/rambda@10.0.0-alpha.0/src/includes.js": "0b4b42586747578e26647ed1223956dc3e7192e80861c531ca0829766ad5be54",
    "https://deno.land/x/rambda@10.0.0-alpha.0/src/indexOf.js": "078b44e2555d7a852047d04d1353c62f18465573067b2385b0eb2918494dd7c1",
    "https://deno.land/x/rambda@10.0.0-alpha.0/src/init.js": "b9162d36ac79535bfd6cbad805ca263c4016be9f78364b1ad808aa55336ac68f",
    "https://deno.land/x/rambda@10.0.0-alpha.0/src/innerJoin.js": "46c89f32febdb55d67b8788da58aa368418b87deef3f792fe087949e209f6e85",
    "https://deno.land/x/rambda@10.0.0-alpha.0/src/intersection.js": "6301635518ad55cd94f525918fb7958f5c79ea6189865bdd7c850dd770ddaee8",
    "https://deno.land/x/rambda@10.0.0-alpha.0/src/intersperse.js": "8a6e9a1ebff8f786a87f0d92416d8a76a5a97b99bec045f03788c4a9209e43aa",
    "https://deno.land/x/rambda@10.0.0-alpha.0/src/join.js": "0bf0544828c2921479a200a2ecf26a2aa78ae4495e17a1bde33fb87d3c328a46",
    "https://deno.land/x/rambda@10.0.0-alpha.0/src/last.js": "5d50e3c3bd3793876ea1f29c6fd841c9c593d8c9d4129800c583fa215a1e454d",
    "https://deno.land/x/rambda@10.0.0-alpha.0/src/lastIndexOf.js": "754f8cf543f12d1f7d81017d8af8760843bb435468a48c5ffa153cab4d6b543e",
    "https://deno.land/x/rambda@10.0.0-alpha.0/src/map.js": "b21403441fdcfd48ff23180266aa7d3b86c3e7a073366ae78537333f378f2b6f",
    "https://deno.land/x/rambda@10.0.0-alpha.0/src/mapAsync.js": "eebcba831b8ed47cb8de7805108a0c54681d877dd99d696eb26533f565668431",
    "https://deno.land/x/rambda@10.0.0-alpha.0/src/mapObject.js": "4f0b7899318bbe758a336ba6bc0f6efec99a472160d7d27109c23c0a11d513b0",
    "https://deno.land/x/rambda@10.0.0-alpha.0/src/mapObjectAsync.js": "c87e26fd01f42f1f2299149edd3920e1b444e6ed785a96d09a298cb96ce0ee77",
    "https://deno.land/x/rambda@10.0.0-alpha.0/src/match.js": "44cd2da64000be8e34287d30a9d77fe782c4151b45609aa6c6ac7f4f486dc5b3",
    "https://deno.land/x/rambda@10.0.0-alpha.0/src/maxBy.js": "737b560ec9d1f43b318b01f58be92923636b40d4227bb64a931530e6c74a4504",
    "https://deno.land/x/rambda@10.0.0-alpha.0/src/merge.js": "f0742e1139f420dd6d5a9c42ce03cc078e5c8dd7c957f7bab854c78014e58c21",
    "https://deno.land/x/rambda@10.0.0-alpha.0/src/mergeTypes.js": "d90a63db830b5cc889918d1ed3d634e4621cddbdd38cd58c84a960612ddbcf90",
    "https://deno.land/x/rambda@10.0.0-alpha.0/src/minBy.js": "cc5cf6c9fb500d03e61c1e3ba94b16333cc937a82d522fae9d4ec9f7cf0c9c41",
    "https://deno.land/x/rambda@10.0.0-alpha.0/src/modifyPath.js": "bc5dc299bc4010abf1675f108c462fb4d4ae71c6088bb400adde511632e48e10",
    "https://deno.land/x/rambda@10.0.0-alpha.0/src/none.js": "370b60f1ea977d2aa40daa04be418b9feb68debd02f862e03aff6146871767f4",
    "https://deno.land/x/rambda@10.0.0-alpha.0/src/objOf.js": "6df62eb776afa8c331c91f2db95e39185e80f8844a11298afe7f1f2a1f8af8c4",
    "https://deno.land/x/rambda@10.0.0-alpha.0/src/omit.js": "afef405616194204434dc5f169bc6233a5f39066382fbe12a912b707b285e765",
    "https://deno.land/x/rambda@10.0.0-alpha.0/src/partition.js": "44c757f4239a42455184e47dc674adb8226745241cca59aa31ba806a8701804c",
    "https://deno.land/x/rambda@10.0.0-alpha.0/src/path.js": "42a79595e2c34bec3f895d3afb4f6acc15e9569decacd62fe96fce58c7200342",
    "https://deno.land/x/rambda@10.0.0-alpha.0/src/pick.js": "70265d7787a333adf5cf358e82fe7b12451260af8cda63a21d119a200fa296c7",
    "https://deno.land/x/rambda@10.0.0-alpha.0/src/pipe.js": "1dc4a54da97a11e59b432452b0f7ef6f1c96e78a4f5c03fcb4a6343298624068",
    "https://deno.land/x/rambda@10.0.0-alpha.0/src/pipeAsync.js": "602538f90e6e9744630a1ed6840f147cddc029b321e9d0feb89d4d8edfe569a3",
    "https://deno.land/x/rambda@10.0.0-alpha.0/src/pluck.js": "8398bf75e5a423cacf30beb141fc15f4ea6dbf363283bd16a3575d3ef77c2567",
    "https://deno.land/x/rambda@10.0.0-alpha.0/src/prepend.js": "3893c9fe26a2d0cf4e37bc79abca5de5e3e6a8f0ba7476e0d35c156844711f83",
    "https://deno.land/x/rambda@10.0.0-alpha.0/src/prop.js": "e2d58ea2521035945c45951ac490aeebe958aeef3ab2ec80d5a7eef37e56013e",
    "https://deno.land/x/rambda@10.0.0-alpha.0/src/propEq.js": "d637671992740b7becbf206d08680a066f316b885b21b25a9b5fa9ccf580dfc2",
    "https://deno.land/x/rambda@10.0.0-alpha.0/src/propOr.js": "ccd512588c3047245419ab865820db6acccb5575160190513a00bc4fdfbec78f",
    "https://deno.land/x/rambda@10.0.0-alpha.0/src/propSatisfies.js": "fa5df6eb9e6a8c7a1a05872be8f1a2acebb9fa32fb8e9f92252261fd7c5d148c",
    "https://deno.land/x/rambda@10.0.0-alpha.0/src/range.js": "ffda6c34a6d2f1ead4433f6c93a71bb955eb7a24b3843cfc8eb6e271f1db05c2",
    "https://deno.land/x/rambda@10.0.0-alpha.0/src/reduce.js": "0b9bb53194103a132a9b04c2bee5fce7ceb4d6002daa582b27e1b909c5f565f8",
    "https://deno.land/x/rambda@10.0.0-alpha.0/src/reject.js": "5ebdebeff58d9a1595a4bc50e1206534eb4a1ea728793e99dd5bc52bd5d5ff84",
    "https://deno.land/x/rambda@10.0.0-alpha.0/src/replace.js": "1ad147f50d601902d93a937e4d619049031d7af9650a351a6704431613746d05",
    "https://deno.land/x/rambda@10.0.0-alpha.0/src/replaceItemAtIndex.js": "4b2e9b09613580c5c5732a07d3b42cf02d709658668d34da21f4b963c8f692c8",
    "https://deno.land/x/rambda@10.0.0-alpha.0/src/sort.js": "b4b05ca9b6fe6acd6e4dd27ba191221ea18a854b36e43c683ba1ea4c5fa6cf30",
    "https://deno.land/x/rambda@10.0.0-alpha.0/src/sortBy.js": "136bc55a0f588324c68dfda31da69188633ec4bf70ec3f4aeed6ac422b6b18f3",
    "https://deno.land/x/rambda@10.0.0-alpha.0/src/sortWith.js": "84c8595806039b27de47ec1f54c0e497eebcea7f685d9d6031bec4e21e7409ff",
    "https://deno.land/x/rambda@10.0.0-alpha.0/src/split.js": "98fdaed67c91f5c538e62d74df5141c6aedf47adedb316ed0a748cecf48735ed",
    "https://deno.land/x/rambda@10.0.0-alpha.0/src/splitEvery.js": "bcf67a7f107e28bef6fccb0cc7cc918303c6e2742a589c9384bd1b7a5ab888a3",
    "https://deno.land/x/rambda@10.0.0-alpha.0/src/symmetricDifference.js": "c99deda7f8cf6892f7d1e7260878dce0c41cdbb72ba881f4a8ace5b858de0d9d",
    "https://deno.land/x/rambda@10.0.0-alpha.0/src/tail.js": "7907b77e05ba68c36a43f7e44b2474a90b9ce8652c96286ccfdd49a0650807ac",
    "https://deno.land/x/rambda@10.0.0-alpha.0/src/take.js": "92e2bb28e02f878169a3374021a7a10b3b540a579cd439087126dd8d59766078",
    "https://deno.land/x/rambda@10.0.0-alpha.0/src/takeLast.js": "503182caf8e6adc8023fba59cfbb933416d4ecd057efa87d3e7080435bba9faa",
    "https://deno.land/x/rambda@10.0.0-alpha.0/src/takeLastWhile.js": "7bb669680ef656db76631eb549d56c2dbb479f30e9f67c259a58ecd241d42bf0",
    "https://deno.land/x/rambda@10.0.0-alpha.0/src/takeWhile.js": "b443e28ed944956cef1de660b7d654a6e14dd9ef65b4ead2cb7a01de967cf8f2",
    "https://deno.land/x/rambda@10.0.0-alpha.0/src/tap.js": "d7b4139f9b2fad0c0a6f7c6b4804e8543784644ee6e3e64a951cc62435b62d7e",
    "https://deno.land/x/rambda@10.0.0-alpha.0/src/test.js": "9490919a027775e9e9330a738ec4c7ef6ca16877db9487c58e74caf1e80fb7c6",
    "https://deno.land/x/rambda@10.0.0-alpha.0/src/tryCatch.js": "68814bc798fa46e88cdbd04e00457383004a0285c0afa4b1d1ea7b4cf2008fe9",
    "https://deno.land/x/rambda@10.0.0-alpha.0/src/type.js": "956eaea3bef5bfa8b76cfb23e5eeb287a3509ee9e7a84913a8aec28e290cb554",
    "https://deno.land/x/rambda@10.0.0-alpha.0/src/union.js": "059116a69c3d3423b7dd56e50931afd2a8e8b48d5dd0bcd0c5ac9c5fad2fa9ea",
    "https://deno.land/x/rambda@10.0.0-alpha.0/src/uniq.js": "bd786407ae6367a12e936fd93f71c1351c42ec19a9306d9c229696daaedf183b",
    "https://deno.land/x/rambda@10.0.0-alpha.0/src/uniqBy.js": "3d747a9f0bf640a7fd9ac473f99cf7ba5d24ea9a17ac96625d0c34ce7baeef99",
    "https://deno.land/x/rambda@10.0.0-alpha.0/src/uniqWith.js": "b8e916a7c5d5b39ccf2b2a4d917cd488adee245618bc165ab18a024ada86d9ed",
    "https://deno.land/x/rambda@10.0.0-alpha.0/src/unless.js": "d6d656bb630f6e0fb4199b9c76180af6c4d1121d9338a19cf494c114ea507e4d",
    "https://deno.land/x/rambda@10.0.0-alpha.0/src/unwind.js": "6362b25d8db170088fb6b1d6d99c23fe4d299ddc805fe2c523afbf88f5f462a6",
    "https://deno.land/x/rambda@10.0.0-alpha.0/src/update.js": "d72b4d56465e009a0b65651c15a61782f677daef55b813f8bb4a54ea5a2d0068",
    "https://deno.land/x/rambda@10.0.0-alpha.0/src/when.js": "c7a254b93485ee6fa482678e1f7c5fa74b971c5271dd9562a4c3b59f1905a72b",
    "https://deno.land/x/rambda@10.0.0-alpha.0/src/zip.js": "9d117137b9786651f24825df9ba9ae53577fd06051b6891893a88772e134c22b",
    "https://deno.land/x/rambda@10.0.0-alpha.0/src/zipWith.js": "3ccb5df75974d0939001908bb79f3ee4214ed1ac21ffaa10e7a459f1f4a75fad"
  },
  "workspace": {
    "dependencies": [
      "jsr:@rambda/rambda@^9.4.2"
    ]
  }
}
